
Microsoft Visual Studio Solution File, Format Version 12.00
# Visual Studio Version 17
VisualStudioVersion = 17.4.33213.308
MinimumVisualStudioVersion = 10.0.40219.1
Project("{FAE04EC0-301F-11D3-BF4B-00C04F79EFBC}") = "CuentaBancaria", "CuentaBancaria\CuentaBancaria.csproj", "{C8A2F496-E5DB-46AB-B4EC-A18FE58337DB}"
EndProject
Project("{FAE04EC0-301F-11D3-BF4B-00C04F79EFBC}") = "CuentaBancariaService", "CuentaBancariaService\CuentaBancariaService.csproj", "{5DDF5CE2-C2DB-4B59-8D4C-0B1DB4842C95}"
EndProject
Global
	GlobalSection(SolutionConfigurationPlatforms) = preSolution
		Debug|Any CPU = Debug|Any CPU
		Release|Any CPU = Release|Any CPU
	EndGlobalSection
	GlobalSection(ProjectConfigurationPlatforms) = postSolution
		{C8A2F496-E5DB-46AB-B4EC-A18FE58337DB}.Debug|Any CPU.ActiveCfg = Debug|Any CPU
		{C8A2F496-E5DB-46AB-B4EC-A18FE58337DB}.Debug|Any CPU.Build.0 = Debug|Any CPU
		{C8A2F496-E5DB-46AB-B4EC-A18FE58337DB}.Release|Any CPU.ActiveCfg = Release|Any CPU
		{C8A2F496-E5DB-46AB-B4EC-A18FE58337DB}.Release|Any CPU.Build.0 = Release|Any CPU
		{5DDF5CE2-C2DB-4B59-8D4C-0B1DB4842C95}.Debug|Any CPU.ActiveCfg = Debug|Any CPU
		{5DDF5CE2-C2DB-4B59-8D4C-0B1DB4842C95}.Debug|Any CPU.Build.0 = Debug|Any CPU
		{5DDF5CE2-C2DB-4B59-8D4C-0B1DB4842C95}.Release|Any CPU.ActiveCfg = Release|Any CPU
		{5DDF5CE2-C2DB-4B59-8D4C-0B1DB4842C95}.Release|Any CPU.Build.0 = Release|Any CPU
	EndGlobalSection
	GlobalSection(SolutionProperties) = preSolution
		HideSolutionNode = FALSE
	EndGlobalSection
	GlobalSection(ExtensibilityGlobals) = postSolution
		SolutionGuid = {30AF1172-E38E-46C9-AEBC-3C2C58A4E9DD}
	EndGlobalSection
EndGlobal
